PODS:
  - Flutter (1.0.0)
  - flutter_nfc_mynumber (0.0.1):
    - Flutter

DEPENDENCIES:
  - Flutter (from `Flutter`)
  - flutter_nfc_mynumber (from `.symlinks/plugins/flutter_nfc_mynumber/ios`)

EXTERNAL SOURCES:
  Flutter:
    :path: Flutter
  flutter_nfc_mynumber:
    :path: ".symlinks/plugins/flutter_nfc_mynumber/ios"

SPEC CHECKSUMS:
  Flutter: 434fef37c0980e73bb6479ef766c45957d4b510c
  flutter_nfc_mynumber: 6f1a89807601a8467194bb00fbc813eee61a727a

PODFILE CHECKSUM: aafe91acc616949ddb318b77800a7f51bffa2a4c

COCOAPODS: 1.10.1
